// !$*UTF8*$!
{
	archiveVersion = 1;
	classes = {
	};
	objectVersion = 51;
	objects = {

/* Begin PBXBuildFile section */
		2F136E1D2592AF47008098EB /* SignInViewController.swift in Sources */ = {isa = PBXBuildFile; fileRef = 2F136E1C2592AF47008098EB /* SignInViewController.swift */; };
		2F3630B2253498D80065FEEA /* AppDelegate.swift in Sources */ = {isa = PBXBuildFile; fileRef = 2F3630B1253498D80065FEEA /* AppDelegate.swift */; };
		2F3630B4253498D80065FEEA /* SceneDelegate.swift in Sources */ = {isa = PBXBuildFile; fileRef = 2F3630B3253498D80065FEEA /* SceneDelegate.swift */; };
		2F3630BB253498D90065FEEA /* Assets.xcassets in Resources */ = {isa = PBXBuildFile; fileRef = 2F3630BA253498D90065FEEA /* Assets.xcassets */; };
		2F3630BE253498D90065FEEA /* LaunchScreen.storyboard in Resources */ = {isa = PBXBuildFile; fileRef = 2F3630BC253498D90065FEEA /* LaunchScreen.storyboard */; };
		2F5F2A82254459C300C9F814 /* ArticleCollectionViewCell.swift in Sources */ = {isa = PBXBuildFile; fileRef = 2F5F2A81254459C300C9F814 /* ArticleCollectionViewCell.swift */; };
		2F6486E6259609B700341ECB /* User.swift in Sources */ = {isa = PBXBuildFile; fileRef = 2F6486E5259609B700341ECB /* User.swift */; };
		2F81E9ED2593643400EDA6C9 /* UserData.swift in Sources */ = {isa = PBXBuildFile; fileRef = 2F81E9EC2593643400EDA6C9 /* UserData.swift */; };
		2F90E13D2543069300536615 /* MainTabBarController.swift in Sources */ = {isa = PBXBuildFile; fileRef = 2F90E13C2543069300536615 /* MainTabBarController.swift */; };
		2F90E142254306E900536615 /* LibraryViewController.swift in Sources */ = {isa = PBXBuildFile; fileRef = 2F90E141254306E900536615 /* LibraryViewController.swift */; };
		2F90E146254306FA00536615 /* SearchViewController.swift in Sources */ = {isa = PBXBuildFile; fileRef = 2F90E145254306FA00536615 /* SearchViewController.swift */; };
		2F90E1492543070600536615 /* ProfileViewController.swift in Sources */ = {isa = PBXBuildFile; fileRef = 2F90E1482543070600536615 /* ProfileViewController.swift */; };
		2F90E15425430C1100536615 /* UIColorExtensions.swift in Sources */ = {isa = PBXBuildFile; fileRef = 2F90E15325430C1100536615 /* UIColorExtensions.swift */; };
		2F90E15D2543387600536615 /* IntrestingView.swift in Sources */ = {isa = PBXBuildFile; fileRef = 2F90E15C2543387600536615 /* IntrestingView.swift */; };
		2F912924254834CF00B5D0B3 /* BooksView.swift in Sources */ = {isa = PBXBuildFile; fileRef = 2F912923254834CF00B5D0B3 /* BooksView.swift */; };
		2F9129282548402000B5D0B3 /* BookCollectionViewCell.swift in Sources */ = {isa = PBXBuildFile; fileRef = 2F9129272548402000B5D0B3 /* BookCollectionViewCell.swift */; };
		2FA921332592491D00DB5C8F /* GoogleService-Info.plist in Resources */ = {isa = PBXBuildFile; fileRef = 2FA921322592491D00DB5C8F /* GoogleService-Info.plist */; };
		2FA9213825925C3300DB5C8F /* Book.swift in Sources */ = {isa = PBXBuildFile; fileRef = 2FA9213725925C3300DB5C8F /* Book.swift */; };
		2FA9213C25925F9700DB5C8F /* NetworkManager.swift in Sources */ = {isa = PBXBuildFile; fileRef = 2FA9213B25925F9700DB5C8F /* NetworkManager.swift */; };
		80862130917CA9A9B95EB5F1 /* libPods-BookList.a in Frameworks */ = {isa = PBXBuildFile; fileRef = 55920080AEA443EFE60C8840 /* libPods-BookList.a */; };
/* End PBXBuildFile section */

/* Begin PBXFileReference section */
		2F136E1C2592AF47008098EB /* SignInViewController.swift */ = {isa = PBXFileReference; lastKnownFileType = sourcecode.swift; path = SignInViewController.swift; sourceTree = "<group>"; };
		2F3630AE253498D80065FEEA /* BookList.app */ = {isa = PBXFileReference; explicitFileType = wrapper.application; includeInIndex = 0; path = BookList.app; sourceTree = BUILT_PRODUCTS_DIR; };
		2F3630B1253498D80065FEEA /* AppDelegate.swift */ = {isa = PBXFileReference; lastKnownFileType = sourcecode.swift; path = AppDelegate.swift; sourceTree = "<group>"; };
		2F3630B3253498D80065FEEA /* SceneDelegate.swift */ = {isa = PBXFileReference; lastKnownFileType = sourcecode.swift; path = SceneDelegate.swift; sourceTree = "<group>"; };
		2F3630BA253498D90065FEEA /* Assets.xcassets */ = {isa = PBXFileReference; lastKnownFileType = folder.assetcatalog; path = Assets.xcassets; sourceTree = "<group>"; };
		2F3630BD253498D90065FEEA /* Base */ = {isa = PBXFileReference; lastKnownFileType = file.storyboard; name = Base; path = Base.lproj/LaunchScreen.storyboard; sourceTree = "<group>"; };
		2F3630BF253498D90065FEEA /* Info.plist */ = {isa = PBXFileReference; lastKnownFileType = text.plist.xml; path = Info.plist; sourceTree = "<group>"; };
		2F5F2A81254459C300C9F814 /* ArticleCollectionViewCell.swift */ = {isa = PBXFileReference; lastKnownFileType = sourcecode.swift; path = ArticleCollectionViewCell.swift; sourceTree = "<group>"; };
		2F6486E5259609B700341ECB /* User.swift */ = {isa = PBXFileReference; lastKnownFileType = sourcecode.swift; name = User.swift; path = BookList/User.swift; sourceTree = SOURCE_ROOT; };
		2F81E9E2259360BA00EDA6C9 /* BookList.entitlements */ = {isa = PBXFileReference; lastKnownFileType = text.plist.entitlements; path = BookList.entitlements; sourceTree = "<group>"; };
		2F81E9EC2593643400EDA6C9 /* UserData.swift */ = {isa = PBXFileReference; lastKnownFileType = sourcecode.swift; path = UserData.swift; sourceTree = "<group>"; };
		2F90E13C2543069300536615 /* MainTabBarController.swift */ = {isa = PBXFileReference; lastKnownFileType = sourcecode.swift; path = MainTabBarController.swift; sourceTree = "<group>"; };
		2F90E141254306E900536615 /* LibraryViewController.swift */ = {isa = PBXFileReference; lastKnownFileType = sourcecode.swift; path = LibraryViewController.swift; sourceTree = "<group>"; };
		2F90E145254306FA00536615 /* SearchViewController.swift */ = {isa = PBXFileReference; lastKnownFileType = sourcecode.swift; path = SearchViewController.swift; sourceTree = "<group>"; };
		2F90E1482543070600536615 /* ProfileViewController.swift */ = {isa = PBXFileReference; lastKnownFileType = sourcecode.swift; path = ProfileViewController.swift; sourceTree = "<group>"; };
		2F90E15325430C1100536615 /* UIColorExtensions.swift */ = {isa = PBXFileReference; lastKnownFileType = sourcecode.swift; path = UIColorExtensions.swift; sourceTree = "<group>"; };
		2F90E15C2543387600536615 /* IntrestingView.swift */ = {isa = PBXFileReference; lastKnownFileType = sourcecode.swift; path = IntrestingView.swift; sourceTree = "<group>"; };
		2F912923254834CF00B5D0B3 /* BooksView.swift */ = {isa = PBXFileReference; lastKnownFileType = sourcecode.swift; path = BooksView.swift; sourceTree = "<group>"; };
		2F9129272548402000B5D0B3 /* BookCollectionViewCell.swift */ = {isa = PBXFileReference; lastKnownFileType = sourcecode.swift; path = BookCollectionViewCell.swift; sourceTree = "<group>"; };
		2FA921322592491D00DB5C8F /* GoogleService-Info.plist */ = {isa = PBXFileReference; fileEncoding = 4; lastKnownFileType = text.plist.xml; path = "GoogleService-Info.plist"; sourceTree = "<group>"; };
		2FA9213725925C3300DB5C8F /* Book.swift */ = {isa = PBXFileReference; lastKnownFileType = sourcecode.swift; path = Book.swift; sourceTree = "<group>"; };
		2FA9213B25925F9700DB5C8F /* NetworkManager.swift */ = {isa = PBXFileReference; lastKnownFileType = sourcecode.swift; path = NetworkManager.swift; sourceTree = "<group>"; };
		44C7150E17834AAC931AA223 /* Pods-BookList.debug.xcconfig */ = {isa = PBXFileReference; includeInIndex = 1; lastKnownFileType = text.xcconfig; name = "Pods-BookList.debug.xcconfig"; path = "Target Support Files/Pods-BookList/Pods-BookList.debug.xcconfig"; sourceTree = "<group>"; };
		55920080AEA443EFE60C8840 /* libPods-BookList.a */ = {isa = PBXFileReference; explicitFileType = archive.ar; includeInIndex = 0; path = "libPods-BookList.a"; sourceTree = BUILT_PRODUCTS_DIR; };
		7744929D7444136899E41C67 /* Pods-BookList.release.xcconfig */ = {isa = PBXFileReference; includeInIndex = 1; lastKnownFileType = text.xcconfig; name = "Pods-BookList.release.xcconfig"; path = "Target Support Files/Pods-BookList/Pods-BookList.release.xcconfig"; sourceTree = "<group>"; };
/* End PBXFileReference section */

/* Begin PBXFrameworksBuildPhase section */
		2F3630AB253498D80065FEEA /* Frameworks */ = {
			isa = PBXFrameworksBuildPhase;
			buildActionMask = 2147483647;
			files = (
				80862130917CA9A9B95EB5F1 /* libPods-BookList.a in Frameworks */,
			);
			runOnlyForDeploymentPostprocessing = 0;
		};
/* End PBXFrameworksBuildPhase section */

/* Begin PBXGroup section */
		2F3630A5253498D80065FEEA = {
			isa = PBXGroup;
			children = (
				2F3630B0253498D80065FEEA /* BookList */,
				2F3630AF253498D80065FEEA /* Products */,
				76177458E157CD1687EE98F7 /* Pods */,
				3C5F109144BD0686038A75E2 /* Frameworks */,
			);
			sourceTree = "<group>";
		};
		2F3630AF253498D80065FEEA /* Products */ = {
			isa = PBXGroup;
			children = (
				2F3630AE253498D80065FEEA /* BookList.app */,
			);
			name = Products;
			sourceTree = "<group>";
		};
		2F3630B0253498D80065FEEA /* BookList */ = {
			isa = PBXGroup;
			children = (
				2F81E9E2259360BA00EDA6C9 /* BookList.entitlements */,
				2F81E9EA259363F800EDA6C9 /* Models */,
				2FA9213B25925F9700DB5C8F /* NetworkManager.swift */,
				2F6486E5259609B700341ECB /* User.swift */,
				2F3B02D82542FA7F00ABE483 /* Supporting files */,
				2F3B02D72542FA6700ABE483 /* Storyboards */,
				2F90E13F254306A000536615 /* Controllers */,
				2F90E15B2543384F00536615 /* Views */,
				2F90E14F25430BB400536615 /* Extensions */,
				2F3630BF253498D90065FEEA /* Info.plist */,
				2FA921322592491D00DB5C8F /* GoogleService-Info.plist */,
			);
			path = BookList;
			sourceTree = "<group>";
		};
		2F3B02D72542FA6700ABE483 /* Storyboards */ = {
			isa = PBXGroup;
			children = (
				2F3630BC253498D90065FEEA /* LaunchScreen.storyboard */,
			);
			path = Storyboards;
			sourceTree = "<group>";
		};
		2F3B02D82542FA7F00ABE483 /* Supporting files */ = {
			isa = PBXGroup;
			children = (
				2F3630BA253498D90065FEEA /* Assets.xcassets */,
				2F3630B1253498D80065FEEA /* AppDelegate.swift */,
				2F3630B3253498D80065FEEA /* SceneDelegate.swift */,
			);
			path = "Supporting files";
			sourceTree = "<group>";
		};
		2F56798D25481D6B00ADA235 /* Cells */ = {
			isa = PBXGroup;
			children = (
				2F9129272548402000B5D0B3 /* BookCollectionViewCell.swift */,
				2F5F2A81254459C300C9F814 /* ArticleCollectionViewCell.swift */,
			);
			path = Cells;
			sourceTree = "<group>";
		};
		2F81E9EA259363F800EDA6C9 /* Models */ = {
			isa = PBXGroup;
			children = (
				2FA9213725925C3300DB5C8F /* Book.swift */,
				2F81E9EC2593643400EDA6C9 /* UserData.swift */,
			);
			path = Models;
			sourceTree = "<group>";
		};
		2F90E13F254306A000536615 /* Controllers */ = {
			isa = PBXGroup;
			children = (
				2F90E13C2543069300536615 /* MainTabBarController.swift */,
				2F136E1C2592AF47008098EB /* SignInViewController.swift */,
				2F90E141254306E900536615 /* LibraryViewController.swift */,
				2F90E145254306FA00536615 /* SearchViewController.swift */,
				2F90E1482543070600536615 /* ProfileViewController.swift */,
			);
			path = Controllers;
			sourceTree = "<group>";
		};
		2F90E14F25430BB400536615 /* Extensions */ = {
			isa = PBXGroup;
			children = (
				2F90E15325430C1100536615 /* UIColorExtensions.swift */,
			);
			path = Extensions;
			sourceTree = "<group>";
		};
		2F90E15B2543384F00536615 /* Views */ = {
			isa = PBXGroup;
			children = (
				2F56798D25481D6B00ADA235 /* Cells */,
				2F912923254834CF00B5D0B3 /* BooksView.swift */,
				2F90E15C2543387600536615 /* IntrestingView.swift */,
			);
			path = Views;
			sourceTree = "<group>";
		};
		3C5F109144BD0686038A75E2 /* Frameworks */ = {
			isa = PBXGroup;
			children = (
				55920080AEA443EFE60C8840 /* libPods-BookList.a */,
			);
			name = Frameworks;
			sourceTree = "<group>";
		};
		76177458E157CD1687EE98F7 /* Pods */ = {
			isa = PBXGroup;
			children = (
				44C7150E17834AAC931AA223 /* Pods-BookList.debug.xcconfig */,
				7744929D7444136899E41C67 /* Pods-BookList.release.xcconfig */,
			);
			path = Pods;
			sourceTree = "<group>";
		};
/* End PBXGroup section */

/* Begin PBXNativeTarget section */
		2F3630AD253498D80065FEEA /* BookList */ = {
			isa = PBXNativeTarget;
			buildConfigurationList = 2F3630C2253498D90065FEEA /* Build configuration list for PBXNativeTarget "BookList" */;
			buildPhases = (
				FD295AD0A33FAA42FE8BA9D4 /* [CP] Check Pods Manifest.lock */,
				2F3630AA253498D80065FEEA /* Sources */,
				2F3630AB253498D80065FEEA /* Frameworks */,
				2F3630AC253498D80065FEEA /* Resources */,
				F87CF05F3FFD708F9CDD9E25 /* [CP] Copy Pods Resources */,
			);
			buildRules = (
			);
			dependencies = (
			);
			name = BookList;
			productName = BookList;
			productReference = 2F3630AE253498D80065FEEA /* BookList.app */;
			productType = "com.apple.product-type.application";
		};
/* End PBXNativeTarget section */

/* Begin PBXProject section */
		2F3630A6253498D80065FEEA /* Project object */ = {
			isa = PBXProject;
			attributes = {
				LastSwiftUpdateCheck = 1200;
				LastUpgradeCheck = 1200;
				TargetAttributes = {
					2F3630AD253498D80065FEEA = {
						CreatedOnToolsVersion = 12.0.1;
					};
				};
			};
			buildConfigurationList = 2F3630A9253498D80065FEEA /* Build configuration list for PBXProject "BookList" */;
			compatibilityVersion = "Xcode 9.3";
			developmentRegion = en;
			hasScannedForEncodings = 0;
			knownRegions = (
				en,
				Base,
			);
			mainGroup = 2F3630A5253498D80065FEEA;
			productRefGroup = 2F3630AF253498D80065FEEA /* Products */;
			projectDirPath = "";
			projectRoot = "";
			targets = (
				2F3630AD253498D80065FEEA /* BookList */,
			);
		};
/* End PBXProject section */

/* Begin PBXResourcesBuildPhase section */
		2F3630AC253498D80065FEEA /* Resources */ = {
			isa = PBXResourcesBuildPhase;
			buildActionMask = 2147483647;
			files = (
				2F3630BE253498D90065FEEA /* LaunchScreen.storyboard in Resources */,
				2FA921332592491D00DB5C8F /* GoogleService-Info.plist in Resources */,
				2F3630BB253498D90065FEEA /* Assets.xcassets in Resources */,
			);
			runOnlyForDeploymentPostprocessing = 0;
		};
/* End PBXResourcesBuildPhase section */

/* Begin PBXShellScriptBuildPhase section */
		F87CF05F3FFD708F9CDD9E25 /* [CP] Copy Pods Resources */ = {
			isa = PBXShellScriptBuildPhase;
			buildActionMask = 2147483647;
			files = (
			);
			inputFileListPaths = (
				"${PODS_ROOT}/Target Support Files/Pods-BookList/Pods-BookList-resources-${CONFIGURATION}-input-files.xcfilelist",
			);
			name = "[CP] Copy Pods Resources";
			outputFileListPaths = (
				"${PODS_ROOT}/Target Support Files/Pods-BookList/Pods-BookList-resources-${CONFIGURATION}-output-files.xcfilelist",
			);
			runOnlyForDeploymentPostprocessing = 0;
			shellPath = /bin/sh;
			shellScript = "\"${PODS_ROOT}/Target Support Files/Pods-BookList/Pods-BookList-resources.sh\"\n";
			showEnvVarsInLog = 0;
		};
		FD295AD0A33FAA42FE8BA9D4 /* [CP] Check Pods Manifest.lock */ = {
			isa = PBXShellScriptBuildPhase;
			buildActionMask = 2147483647;
			files = (
			);
			inputFileListPaths = (
			);
			inputPaths = (
				"${PODS_PODFILE_DIR_PATH}/Podfile.lock",
				"${PODS_ROOT}/Manifest.lock",
			);
			name = "[CP] Check Pods Manifest.lock";
			outputFileListPaths = (
			);
			outputPaths = (
				"$(DERIVED_FILE_DIR)/Pods-BookList-checkManifestLockResult.txt",
			);
			runOnlyForDeploymentPostprocessing = 0;
			shellPath = /bin/sh;
			shellScript = "diff \"${PODS_PODFILE_DIR_PATH}/Podfile.lock\" \"${PODS_ROOT}/Manifest.lock\" > /dev/null\nif [ $? != 0 ] ; then\n    # print error to STDERR\n    echo \"error: The sandbox is not in sync with the Podfile.lock. Run 'pod install' or update your CocoaPods installation.\" >&2\n    exit 1\nfi\n# This output is used by Xcode 'outputs' to avoid re-running this script phase.\necho \"SUCCESS\" > \"${SCRIPT_OUTPUT_FILE_0}\"\n";
			showEnvVarsInLog = 0;
		};
/* End PBXShellScriptBuildPhase section */

/* Begin PBXSourcesBuildPhase section */
		2F3630AA253498D80065FEEA /* Sources */ = {
			isa = PBXSourcesBuildPhase;
			buildActionMask = 2147483647;
			files = (
				2F136E1D2592AF47008098EB /* SignInViewController.swift in Sources */,
				2F90E1492543070600536615 /* ProfileViewController.swift in Sources */,
				2F90E15D2543387600536615 /* IntrestingView.swift in Sources */,
				2F90E15425430C1100536615 /* UIColorExtensions.swift in Sources */,
				2FA9213C25925F9700DB5C8F /* NetworkManager.swift in Sources */,
				2F6486E6259609B700341ECB /* User.swift in Sources */,
				2F9129282548402000B5D0B3 /* BookCollectionViewCell.swift in Sources */,
				2F5F2A82254459C300C9F814 /* ArticleCollectionViewCell.swift in Sources */,
				2F90E146254306FA00536615 /* SearchViewController.swift in Sources */,
				2F81E9ED2593643400EDA6C9 /* UserData.swift in Sources */,
				2F3630B2253498D80065FEEA /* AppDelegate.swift in Sources */,
				2F90E13D2543069300536615 /* MainTabBarController.swift in Sources */,
				2FA9213825925C3300DB5C8F /* Book.swift in Sources */,
				2F912924254834CF00B5D0B3 /* BooksView.swift in Sources */,
				2F90E142254306E900536615 /* LibraryViewController.swift in Sources */,
				2F3630B4253498D80065FEEA /* SceneDelegate.swift in Sources */,
			);
			runOnlyForDeploymentPostprocessing = 0;
		};
/* End PBXSourcesBuildPhase section */

/* Begin PBXVariantGroup section */
		2F3630BC253498D90065FEEA /* LaunchScreen.storyboard */ = {
			isa = PBXVariantGroup;
			children = (
				2F3630BD253498D90065FEEA /* Base */,
			);
			name = LaunchScreen.storyboard;
			sourceTree = "<group>";
		};
/* End PBXVariantGroup section */

/* Begin XCBuildConfiguration section */
		2F3630C0253498D90065FEEA /* Debug */ = {
			isa = XCBuildConfiguration;
			buildSettings = {
				ALWAYS_SEARCH_USER_PATHS = NO;
				CLANG_ANALYZER_NONNULL = YES;
				CLANG_ANALYZER_NUMBER_OBJECT_CONVERSION = YES_AGGRESSIVE;
				CLANG_CXX_LANGUAGE_STANDARD = "gnu++14";
				CLANG_CXX_LIBRARY = "libc++";
				CLANG_ENABLE_MODULES = YES;
				CLANG_ENABLE_OBJC_ARC = YES;
				CLANG_ENABLE_OBJC_WEAK = YES;
				CLANG_WARN_BLOCK_CAPTURE_AUTORELEASING = YES;
				CLANG_WARN_BOOL_CONVERSION = YES;
				CLANG_WARN_COMMA = YES;
				CLANG_WARN_CONSTANT_CONVERSION = YES;
				CLANG_WARN_DEPRECATED_OBJC_IMPLEMENTATIONS = YES;
				CLANG_WARN_DIRECT_OBJC_ISA_USAGE = YES_ERROR;
				CLANG_WARN_DOCUMENTATION_COMMENTS = YES;
				CLANG_WARN_EMPTY_BODY = YES;
				CLANG_WARN_ENUM_CONVERSION = YES;
				CLANG_WARN_INFINITE_RECURSION = YES;
				CLANG_WARN_INT_CONVERSION = YES;
				CLANG_WARN_NON_LITERAL_NULL_CONVERSION = YES;
				CLANG_WARN_OBJC_IMPLICIT_RETAIN_SELF = YES;
				CLANG_WARN_OBJC_LITERAL_CONVERSION = YES;
				CLANG_WARN_OBJC_ROOT_CLASS = YES_ERROR;
				CLANG_WARN_QUOTED_INCLUDE_IN_FRAMEWORK_HEADER = YES;
				CLANG_WARN_RANGE_LOOP_ANALYSIS = YES;
				CLANG_WARN_STRICT_PROTOTYPES = YES;
				CLANG_WARN_SUSPICIOUS_MOVE = YES;
				CLANG_WARN_UNGUARDED_AVAILABILITY = YES_AGGRESSIVE;
				CLANG_WARN_UNREACHABLE_CODE = YES;
				CLANG_WARN__DUPLICATE_METHOD_MATCH = YES;
				COPY_PHASE_STRIP = NO;
				DEBUG_INFORMATION_FORMAT = dwarf;
				ENABLE_STRICT_OBJC_MSGSEND = YES;
				ENABLE_TESTABILITY = YES;
				GCC_C_LANGUAGE_STANDARD = gnu11;
				GCC_DYNAMIC_NO_PIC = NO;
				GCC_NO_COMMON_BLOCKS = YES;
				GCC_OPTIMIZATION_LEVEL = 0;
				GCC_PREPROCESSOR_DEFINITIONS = (
					"DEBUG=1",
					"$(inherited)",
				);
				GCC_WARN_64_TO_32_BIT_CONVERSION = YES;
				GCC_WARN_ABOUT_RETURN_TYPE = YES_ERROR;
				GCC_WARN_UNDECLARED_SELECTOR = YES;
				GCC_WARN_UNINITIALIZED_AUTOS = YES_AGGRESSIVE;
				GCC_WARN_UNUSED_FUNCTION = YES;
				GCC_WARN_UNUSED_VARIABLE = YES;
				IPHONEOS_DEPLOYMENT_TARGET = 14.1;
				MTL_ENABLE_DEBUG_INFO = INCLUDE_SOURCE;
				MTL_FAST_MATH = YES;
				ONLY_ACTIVE_ARCH = YES;
				SDKROOT = iphoneos;
				SWIFT_ACTIVE_COMPILATION_CONDITIONS = DEBUG;
				SWIFT_OPTIMIZATION_LEVEL = "-Onone";
			};
			name = Debug;
		};
		2F3630C1253498D90065FEEA /* Release */ = {
			isa = XCBuildConfiguration;
			buildSettings = {
				ALWAYS_SEARCH_USER_PATHS = NO;
				CLANG_ANALYZER_NONNULL = YES;
				CLANG_ANALYZER_NUMBER_OBJECT_CONVERSION = YES_AGGRESSIVE;
				CLANG_CXX_LANGUAGE_STANDARD = "gnu++14";
				CLANG_CXX_LIBRARY = "libc++";
				CLANG_ENABLE_MODULES = YES;
				CLANG_ENABLE_OBJC_ARC = YES;
				CLANG_ENABLE_OBJC_WEAK = YES;
				CLANG_WARN_BLOCK_CAPTURE_AUTORELEASING = YES;
				CLANG_WARN_BOOL_CONVERSION = YES;
				CLANG_WARN_COMMA = YES;
				CLANG_WARN_CONSTANT_CONVERSION = YES;
				CLANG_WARN_DEPRECATED_OBJC_IMPLEMENTATIONS = YES;
				CLANG_WARN_DIRECT_OBJC_ISA_USAGE = YES_ERROR;
				CLANG_WARN_DOCUMENTATION_COMMENTS = YES;
				CLANG_WARN_EMPTY_BODY = YES;
				CLANG_WARN_ENUM_CONVERSION = YES;
				CLANG_WARN_INFINITE_RECURSION = YES;
				CLANG_WARN_INT_CONVERSION = YES;
				CLANG_WARN_NON_LITERAL_NULL_CONVERSION = YES;
				CLANG_WARN_OBJC_IMPLICIT_RETAIN_SELF = YES;
				CLANG_WARN_OBJC_LITERAL_CONVERSION = YES;
				CLANG_WARN_OBJC_ROOT_CLASS = YES_ERROR;
				CLANG_WARN_QUOTED_INCLUDE_IN_FRAMEWORK_HEADER = YES;
				CLANG_WARN_RANGE_LOOP_ANALYSIS = YES;
				CLANG_WARN_STRICT_PROTOTYPES = YES;
				CLANG_WARN_SUSPICIOUS_MOVE = YES;
				CLANG_WARN_UNGUARDED_AVAILABILITY = YES_AGGRESSIVE;
				CLANG_WARN_UNREACHABLE_CODE = YES;
				CLANG_WARN__DUPLICATE_METHOD_MATCH = YES;
				COPY_PHASE_STRIP = NO;
				DEBUG_INFORMATION_FORMAT = "dwarf-with-dsym";
				ENABLE_NS_ASSERTIONS = NO;
				ENABLE_STRICT_OBJC_MSGSEND = YES;
				GCC_C_LANGUAGE_STANDARD = gnu11;
				GCC_NO_COMMON_BLOCKS = YES;
				GCC_WARN_64_TO_32_BIT_CONVERSION = YES;
				GCC_WARN_ABOUT_RETURN_TYPE = YES_ERROR;
				GCC_WARN_UNDECLARED_SELECTOR = YES;
				GCC_WARN_UNINITIALIZED_AUTOS = YES_AGGRESSIVE;
				GCC_WARN_UNUSED_FUNCTION = YES;
				GCC_WARN_UNUSED_VARIABLE = YES;
				IPHONEOS_DEPLOYMENT_TARGET = 14.1;
				MTL_ENABLE_DEBUG_INFO = NO;
				MTL_FAST_MATH = YES;
				SDKROOT = iphoneos;
				SWIFT_COMPILATION_MODE = wholemodule;
				SWIFT_OPTIMIZATION_LEVEL = "-O";
				VALIDATE_PRODUCT = YES;
			};
			name = Release;
		};
		2F3630C3253498D90065FEEA /* Debug */ = {
			isa = XCBuildConfiguration;
			baseConfigurationReference = 44C7150E17834AAC931AA223 /* Pods-BookList.debug.xcconfig */;
			buildSettings = {
				ASSETCATALOG_COMPILER_APPICON_NAME = AppIcon;
				ASSETCATALOG_COMPILER_GLOBAL_ACCENT_COLOR_NAME = AccentColor;
				CODE_SIGN_ENTITLEMENTS = BookList/BookList.entitlements;
				CODE_SIGN_STYLE = Automatic;
				DEVELOPMENT_TEAM = 93LQDKX637;
				INFOPLIST_FILE = "$(SRCROOT)/BookList/Info.plist";
				IPHONEOS_DEPLOYMENT_TARGET = 14.1;
				LD_RUNPATH_SEARCH_PATHS = (
					"$(inherited)",
					"@executable_path/Frameworks",
				);
				PRODUCT_BUNDLE_IDENTIFIER = com.technopark.BookList;
				PRODUCT_NAME = "$(TARGET_NAME)";
				SWIFT_VERSION = 5.0;
				TARGETED_DEVICE_FAMILY = 1;
			};
			name = Debug;
		};
		2F3630C4253498D90065FEEA /* Release */ = {
			isa = XCBuildConfiguration;
			baseConfigurationReference = 7744929D7444136899E41C67 /* Pods-BookList.release.xcconfig */;
			buildSettings = {
				ASSETCATALOG_COMPILER_APPICON_NAME = AppIcon;
				ASSETCATALOG_COMPILER_GLOBAL_ACCENT_COLOR_NAME = AccentColor;
				CODE_SIGN_ENTITLEMENTS = BookList/BookList.entitlements;
				CODE_SIGN_STYLE = Automatic;
				DEVELOPMENT_TEAM = 93LQDKX637;
				INFOPLIST_FILE = "$(SRCROOT)/BookList/Info.plist";
				IPHONEOS_DEPLOYMENT_TARGET = 14.1;
				LD_RUNPATH_SEARCH_PATHS = (
					"$(inherited)",
					"@executable_path/Frameworks",
				);
				PRODUCT_BUNDLE_IDENTIFIER = com.technopark.BookList;
				PRODUCT_NAME = "$(TARGET_NAME)";
				SWIFT_VERSION = 5.0;
				TARGETED_DEVICE_FAMILY = 1;
			};
			name = Release;
		};
/* End XCBuildConfiguration section */

/* Begin XCConfigurationList section */
		2F3630A9253498D80065FEEA /* Build configuration list for PBXProject "BookList" */ = {
			isa = XCConfigurationList;
			buildConfigurations = (
				2F3630C0253498D90065FEEA /* Debug */,
				2F3630C1253498D90065FEEA /* Release */,
			);
			defaultConfigurationIsVisible = 0;
			defaultConfigurationName = Release;
		};
		2F3630C2253498D90065FEEA /* Build configuration list for PBXNativeTarget "BookList" */ = {
			isa = XCConfigurationList;
			buildConfigurations = (
				2F3630C3253498D90065FEEA /* Debug */,
				2F3630C4253498D90065FEEA /* Release */,
			);
			defaultConfigurationIsVisible = 0;
			defaultConfigurationName = Release;
		};
/* End XCConfigurationList section */
	};
	rootObject = 2F3630A6253498D80065FEEA /* Project object */;
}
